
Microsoft Visual Studio Solution File, Format Version 12.00
# Visual Studio Version 17
VisualStudioVersion = 17.0.31903.59
MinimumVisualStudioVersion = 10.0.40219.1
Project("{FAE04EC0-301F-11D3-BF4B-00C04F79EFBC}") = "TaskPlatform.Shared", "TaskPlatform.Shared\TaskPlatform.Shared.csproj", "{7FEB7005-2644-4762-AE22-F57C7D6DF800}"
EndProject
Project("{2150E333-8FDC-42A3-9474-1A3956D46DE8}") = "Modules", "Modules", "{CA253913-39DE-BFD0-C9A3-4B7EC6FBDF17}"
EndProject
Project("{FAE04EC0-301F-11D3-BF4B-00C04F79EFBC}") = "UserManagement", "Modules\UserManagement\UserManagement.csproj", "{841AD1C6-72C7-4AC1-B25B-548F8384440E}"
EndProject
Project("{FAE04EC0-301F-11D3-BF4B-00C04F79EFBC}") = "Authentication", "Modules\Authentication\Authentication.csproj", "{B28D175E-D9BA-4781-A02B-F5925EAC03D1}"
EndProject
Project("{FAE04EC0-301F-11D3-BF4B-00C04F79EFBC}") = "TaskPlatform.Api", "TaskPlatform.Api\TaskPlatform.Api.csproj", "{BDC36238-8795-47DD-8087-750C7636F3CB}"
EndProject
Project("{FAE04EC0-301F-11D3-BF4B-00C04F79EFBC}") = "TaskPlatform.Web", "TaskPlatform.Web\TaskPlatform.Web.csproj", "{4CD8D0D0-117A-426F-AFB5-B8DC5526804D}"
EndProject
Project("{FAE04EC0-301F-11D3-BF4B-00C04F79EFBC}") = "TaskPlatform.Tests", "TaskPlatform.Tests\TaskPlatform.Tests.csproj", "{81E9C13F-7648-4EB6-9519-982B1D2D6CCE}"
EndProject
Project("{FAE04EC0-301F-11D3-BF4B-00C04F79EFBC}") = "Workspaces", "Modules\Workspaces\Workspaces.csproj", "{498FFE13-8410-4B45-B9F1-C4B72E8F235F}"
EndProject
Project("{FAE04EC0-301F-11D3-BF4B-00C04F79EFBC}") = "Projects", "Modules\Projects\Projects.csproj", "{372F405C-7262-4D3E-9558-73902CDB04AD}"
EndProject
Project("{FAE04EC0-301F-11D3-BF4B-00C04F79EFBC}") = "Tasks", "Modules\Tasks\Tasks.csproj", "{8E8E7B20-B798-41EC-97E6-8C926A784C29}"
EndProject
Project("{FAE04EC0-301F-11D3-BF4B-00C04F79EFBC}") = "Collaboration", "Modules\Collaboration\Collaboration.csproj", "{65C55110-5F6A-4891-82A9-4BBEFDA59002}"
EndProject
Project("{FAE04EC0-301F-11D3-BF4B-00C04F79EFBC}") = "Notifications", "Modules\Notifications\Notifications.csproj", "{2536F63C-8300-45CF-BA12-9D55A4335623}"
EndProject
Global
	GlobalSection(SolutionConfigurationPlatforms) = preSolution
		Debug|Any CPU = Debug|Any CPU
		Debug|x64 = Debug|x64
		Debug|x86 = Debug|x86
		Release|Any CPU = Release|Any CPU
		Release|x64 = Release|x64
		Release|x86 = Release|x86
	EndGlobalSection
	GlobalSection(ProjectConfigurationPlatforms) = postSolution
		{7FEB7005-2644-4762-AE22-F57C7D6DF800}.Debug|Any CPU.ActiveCfg = Debug|Any CPU
		{7FEB7005-2644-4762-AE22-F57C7D6DF800}.Debug|Any CPU.Build.0 = Debug|Any CPU
		{7FEB7005-2644-4762-AE22-F57C7D6DF800}.Debug|x64.ActiveCfg = Debug|Any CPU
		{7FEB7005-2644-4762-AE22-F57C7D6DF800}.Debug|x64.Build.0 = Debug|Any CPU
		{7FEB7005-2644-4762-AE22-F57C7D6DF800}.Debug|x86.ActiveCfg = Debug|Any CPU
		{7FEB7005-2644-4762-AE22-F57C7D6DF800}.Debug|x86.Build.0 = Debug|Any CPU
		{7FEB7005-2644-4762-AE22-F57C7D6DF800}.Release|Any CPU.ActiveCfg = Release|Any CPU
		{7FEB7005-2644-4762-AE22-F57C7D6DF800}.Release|Any CPU.Build.0 = Release|Any CPU
		{7FEB7005-2644-4762-AE22-F57C7D6DF800}.Release|x64.ActiveCfg = Release|Any CPU
		{7FEB7005-2644-4762-AE22-F57C7D6DF800}.Release|x64.Build.0 = Release|Any CPU
		{7FEB7005-2644-4762-AE22-F57C7D6DF800}.Release|x86.ActiveCfg = Release|Any CPU
		{7FEB7005-2644-4762-AE22-F57C7D6DF800}.Release|x86.Build.0 = Release|Any CPU
		{841AD1C6-72C7-4AC1-B25B-548F8384440E}.Debug|Any CPU.ActiveCfg = Debug|Any CPU
		{841AD1C6-72C7-4AC1-B25B-548F8384440E}.Debug|Any CPU.Build.0 = Debug|Any CPU
		{841AD1C6-72C7-4AC1-B25B-548F8384440E}.Debug|x64.ActiveCfg = Debug|Any CPU
		{841AD1C6-72C7-4AC1-B25B-548F8384440E}.Debug|x64.Build.0 = Debug|Any CPU
		{841AD1C6-72C7-4AC1-B25B-548F8384440E}.Debug|x86.ActiveCfg = Debug|Any CPU
		{841AD1C6-72C7-4AC1-B25B-548F8384440E}.Debug|x86.Build.0 = Debug|Any CPU
		{841AD1C6-72C7-4AC1-B25B-548F8384440E}.Release|Any CPU.ActiveCfg = Release|Any CPU
		{841AD1C6-72C7-4AC1-B25B-548F8384440E}.Release|Any CPU.Build.0 = Release|Any CPU
		{841AD1C6-72C7-4AC1-B25B-548F8384440E}.Release|x64.ActiveCfg = Release|Any CPU
		{841AD1C6-72C7-4AC1-B25B-548F8384440E}.Release|x64.Build.0 = Release|Any CPU
		{841AD1C6-72C7-4AC1-B25B-548F8384440E}.Release|x86.ActiveCfg = Release|Any CPU
		{841AD1C6-72C7-4AC1-B25B-548F8384440E}.Release|x86.Build.0 = Release|Any CPU
		{B28D175E-D9BA-4781-A02B-F5925EAC03D1}.Debug|Any CPU.ActiveCfg = Debug|Any CPU
		{B28D175E-D9BA-4781-A02B-F5925EAC03D1}.Debug|Any CPU.Build.0 = Debug|Any CPU
		{B28D175E-D9BA-4781-A02B-F5925EAC03D1}.Debug|x64.ActiveCfg = Debug|Any CPU
		{B28D175E-D9BA-4781-A02B-F5925EAC03D1}.Debug|x64.Build.0 = Debug|Any CPU
		{B28D175E-D9BA-4781-A02B-F5925EAC03D1}.Debug|x86.ActiveCfg = Debug|Any CPU
		{B28D175E-D9BA-4781-A02B-F5925EAC03D1}.Debug|x86.Build.0 = Debug|Any CPU
		{B28D175E-D9BA-4781-A02B-F5925EAC03D1}.Release|Any CPU.ActiveCfg = Release|Any CPU
		{B28D175E-D9BA-4781-A02B-F5925EAC03D1}.Release|Any CPU.Build.0 = Release|Any CPU
		{B28D175E-D9BA-4781-A02B-F5925EAC03D1}.Release|x64.ActiveCfg = Release|Any CPU
		{B28D175E-D9BA-4781-A02B-F5925EAC03D1}.Release|x64.Build.0 = Release|Any CPU
		{B28D175E-D9BA-4781-A02B-F5925EAC03D1}.Release|x86.ActiveCfg = Release|Any CPU
		{B28D175E-D9BA-4781-A02B-F5925EAC03D1}.Release|x86.Build.0 = Release|Any CPU
		{BDC36238-8795-47DD-8087-750C7636F3CB}.Debug|Any CPU.ActiveCfg = Debug|Any CPU
		{BDC36238-8795-47DD-8087-750C7636F3CB}.Debug|Any CPU.Build.0 = Debug|Any CPU
		{BDC36238-8795-47DD-8087-750C7636F3CB}.Debug|x64.ActiveCfg = Debug|Any CPU
		{BDC36238-8795-47DD-8087-750C7636F3CB}.Debug|x64.Build.0 = Debug|Any CPU
		{BDC36238-8795-47DD-8087-750C7636F3CB}.Debug|x86.ActiveCfg = Debug|Any CPU
		{BDC36238-8795-47DD-8087-750C7636F3CB}.Debug|x86.Build.0 = Debug|Any CPU
		{BDC36238-8795-47DD-8087-750C7636F3CB}.Release|Any CPU.ActiveCfg = Release|Any CPU
		{BDC36238-8795-47DD-8087-750C7636F3CB}.Release|Any CPU.Build.0 = Release|Any CPU
		{BDC36238-8795-47DD-8087-750C7636F3CB}.Release|x64.ActiveCfg = Release|Any CPU
		{BDC36238-8795-47DD-8087-750C7636F3CB}.Release|x64.Build.0 = Release|Any CPU
		{BDC36238-8795-47DD-8087-750C7636F3CB}.Release|x86.ActiveCfg = Release|Any CPU
		{BDC36238-8795-47DD-8087-750C7636F3CB}.Release|x86.Build.0 = Release|Any CPU
		{4CD8D0D0-117A-426F-AFB5-B8DC5526804D}.Debug|Any CPU.ActiveCfg = Debug|Any CPU
		{4CD8D0D0-117A-426F-AFB5-B8DC5526804D}.Debug|Any CPU.Build.0 = Debug|Any CPU
		{4CD8D0D0-117A-426F-AFB5-B8DC5526804D}.Debug|x64.ActiveCfg = Debug|Any CPU
		{4CD8D0D0-117A-426F-AFB5-B8DC5526804D}.Debug|x64.Build.0 = Debug|Any CPU
		{4CD8D0D0-117A-426F-AFB5-B8DC5526804D}.Debug|x86.ActiveCfg = Debug|Any CPU
		{4CD8D0D0-117A-426F-AFB5-B8DC5526804D}.Debug|x86.Build.0 = Debug|Any CPU
		{4CD8D0D0-117A-426F-AFB5-B8DC5526804D}.Release|Any CPU.ActiveCfg = Release|Any CPU
		{4CD8D0D0-117A-426F-AFB5-B8DC5526804D}.Release|Any CPU.Build.0 = Release|Any CPU
		{4CD8D0D0-117A-426F-AFB5-B8DC5526804D}.Release|x64.ActiveCfg = Release|Any CPU
		{4CD8D0D0-117A-426F-AFB5-B8DC5526804D}.Release|x64.Build.0 = Release|Any CPU
		{4CD8D0D0-117A-426F-AFB5-B8DC5526804D}.Release|x86.ActiveCfg = Release|Any CPU
		{4CD8D0D0-117A-426F-AFB5-B8DC5526804D}.Release|x86.Build.0 = Release|Any CPU
		{81E9C13F-7648-4EB6-9519-982B1D2D6CCE}.Debug|Any CPU.ActiveCfg = Debug|Any CPU
		{81E9C13F-7648-4EB6-9519-982B1D2D6CCE}.Debug|Any CPU.Build.0 = Debug|Any CPU
		{81E9C13F-7648-4EB6-9519-982B1D2D6CCE}.Debug|x64.ActiveCfg = Debug|Any CPU
		{81E9C13F-7648-4EB6-9519-982B1D2D6CCE}.Debug|x64.Build.0 = Debug|Any CPU
		{81E9C13F-7648-4EB6-9519-982B1D2D6CCE}.Debug|x86.ActiveCfg = Debug|Any CPU
		{81E9C13F-7648-4EB6-9519-982B1D2D6CCE}.Debug|x86.Build.0 = Debug|Any CPU
		{81E9C13F-7648-4EB6-9519-982B1D2D6CCE}.Release|Any CPU.ActiveCfg = Release|Any CPU
		{81E9C13F-7648-4EB6-9519-982B1D2D6CCE}.Release|Any CPU.Build.0 = Release|Any CPU
		{81E9C13F-7648-4EB6-9519-982B1D2D6CCE}.Release|x64.ActiveCfg = Release|Any CPU
		{81E9C13F-7648-4EB6-9519-982B1D2D6CCE}.Release|x64.Build.0 = Release|Any CPU
		{81E9C13F-7648-4EB6-9519-982B1D2D6CCE}.Release|x86.ActiveCfg = Release|Any CPU
		{81E9C13F-7648-4EB6-9519-982B1D2D6CCE}.Release|x86.Build.0 = Release|Any CPU
		{498FFE13-8410-4B45-B9F1-C4B72E8F235F}.Debug|Any CPU.ActiveCfg = Debug|Any CPU
		{498FFE13-8410-4B45-B9F1-C4B72E8F235F}.Debug|Any CPU.Build.0 = Debug|Any CPU
		{498FFE13-8410-4B45-B9F1-C4B72E8F235F}.Debug|x64.ActiveCfg = Debug|Any CPU
		{498FFE13-8410-4B45-B9F1-C4B72E8F235F}.Debug|x64.Build.0 = Debug|Any CPU
		{498FFE13-8410-4B45-B9F1-C4B72E8F235F}.Debug|x86.ActiveCfg = Debug|Any CPU
		{498FFE13-8410-4B45-B9F1-C4B72E8F235F}.Debug|x86.Build.0 = Debug|Any CPU
		{498FFE13-8410-4B45-B9F1-C4B72E8F235F}.Release|Any CPU.ActiveCfg = Release|Any CPU
		{498FFE13-8410-4B45-B9F1-C4B72E8F235F}.Release|Any CPU.Build.0 = Release|Any CPU
		{498FFE13-8410-4B45-B9F1-C4B72E8F235F}.Release|x64.ActiveCfg = Release|Any CPU
		{498FFE13-8410-4B45-B9F1-C4B72E8F235F}.Release|x64.Build.0 = Release|Any CPU
		{498FFE13-8410-4B45-B9F1-C4B72E8F235F}.Release|x86.ActiveCfg = Release|Any CPU
		{498FFE13-8410-4B45-B9F1-C4B72E8F235F}.Release|x86.Build.0 = Release|Any CPU
		{372F405C-7262-4D3E-9558-73902CDB04AD}.Debug|Any CPU.ActiveCfg = Debug|Any CPU
		{372F405C-7262-4D3E-9558-73902CDB04AD}.Debug|Any CPU.Build.0 = Debug|Any CPU
		{372F405C-7262-4D3E-9558-73902CDB04AD}.Debug|x64.ActiveCfg = Debug|Any CPU
		{372F405C-7262-4D3E-9558-73902CDB04AD}.Debug|x64.Build.0 = Debug|Any CPU
		{372F405C-7262-4D3E-9558-73902CDB04AD}.Debug|x86.ActiveCfg = Debug|Any CPU
		{372F405C-7262-4D3E-9558-73902CDB04AD}.Debug|x86.Build.0 = Debug|Any CPU
		{372F405C-7262-4D3E-9558-73902CDB04AD}.Release|Any CPU.ActiveCfg = Release|Any CPU
		{372F405C-7262-4D3E-9558-73902CDB04AD}.Release|Any CPU.Build.0 = Release|Any CPU
		{372F405C-7262-4D3E-9558-73902CDB04AD}.Release|x64.ActiveCfg = Release|Any CPU
		{372F405C-7262-4D3E-9558-73902CDB04AD}.Release|x64.Build.0 = Release|Any CPU
		{372F405C-7262-4D3E-9558-73902CDB04AD}.Release|x86.ActiveCfg = Release|Any CPU
		{372F405C-7262-4D3E-9558-73902CDB04AD}.Release|x86.Build.0 = Release|Any CPU
		{8E8E7B20-B798-41EC-97E6-8C926A784C29}.Debug|Any CPU.ActiveCfg = Debug|Any CPU
		{8E8E7B20-B798-41EC-97E6-8C926A784C29}.Debug|Any CPU.Build.0 = Debug|Any CPU
		{8E8E7B20-B798-41EC-97E6-8C926A784C29}.Debug|x64.ActiveCfg = Debug|Any CPU
		{8E8E7B20-B798-41EC-97E6-8C926A784C29}.Debug|x64.Build.0 = Debug|Any CPU
		{8E8E7B20-B798-41EC-97E6-8C926A784C29}.Debug|x86.ActiveCfg = Debug|Any CPU
		{8E8E7B20-B798-41EC-97E6-8C926A784C29}.Debug|x86.Build.0 = Debug|Any CPU
		{8E8E7B20-B798-41EC-97E6-8C926A784C29}.Release|Any CPU.ActiveCfg = Release|Any CPU
		{8E8E7B20-B798-41EC-97E6-8C926A784C29}.Release|Any CPU.Build.0 = Release|Any CPU
		{8E8E7B20-B798-41EC-97E6-8C926A784C29}.Release|x64.ActiveCfg = Release|Any CPU
		{8E8E7B20-B798-41EC-97E6-8C926A784C29}.Release|x64.Build.0 = Release|Any CPU
		{8E8E7B20-B798-41EC-97E6-8C926A784C29}.Release|x86.ActiveCfg = Release|Any CPU
		{8E8E7B20-B798-41EC-97E6-8C926A784C29}.Release|x86.Build.0 = Release|Any CPU
		{65C55110-5F6A-4891-82A9-4BBEFDA59002}.Debug|Any CPU.ActiveCfg = Debug|Any CPU
		{65C55110-5F6A-4891-82A9-4BBEFDA59002}.Debug|Any CPU.Build.0 = Debug|Any CPU
		{65C55110-5F6A-4891-82A9-4BBEFDA59002}.Debug|x64.ActiveCfg = Debug|Any CPU
		{65C55110-5F6A-4891-82A9-4BBEFDA59002}.Debug|x64.Build.0 = Debug|Any CPU
		{65C55110-5F6A-4891-82A9-4BBEFDA59002}.Debug|x86.ActiveCfg = Debug|Any CPU
		{65C55110-5F6A-4891-82A9-4BBEFDA59002}.Debug|x86.Build.0 = Debug|Any CPU
		{65C55110-5F6A-4891-82A9-4BBEFDA59002}.Release|Any CPU.ActiveCfg = Release|Any CPU
		{65C55110-5F6A-4891-82A9-4BBEFDA59002}.Release|Any CPU.Build.0 = Release|Any CPU
		{65C55110-5F6A-4891-82A9-4BBEFDA59002}.Release|x64.ActiveCfg = Release|Any CPU
		{65C55110-5F6A-4891-82A9-4BBEFDA59002}.Release|x64.Build.0 = Release|Any CPU
		{65C55110-5F6A-4891-82A9-4BBEFDA59002}.Release|x86.ActiveCfg = Release|Any CPU
		{65C55110-5F6A-4891-82A9-4BBEFDA59002}.Release|x86.Build.0 = Release|Any CPU
		{2536F63C-8300-45CF-BA12-9D55A4335623}.Debug|Any CPU.ActiveCfg = Debug|Any CPU
		{2536F63C-8300-45CF-BA12-9D55A4335623}.Debug|Any CPU.Build.0 = Debug|Any CPU
		{2536F63C-8300-45CF-BA12-9D55A4335623}.Debug|x64.ActiveCfg = Debug|Any CPU
		{2536F63C-8300-45CF-BA12-9D55A4335623}.Debug|x64.Build.0 = Debug|Any CPU
		{2536F63C-8300-45CF-BA12-9D55A4335623}.Debug|x86.ActiveCfg = Debug|Any CPU
		{2536F63C-8300-45CF-BA12-9D55A4335623}.Debug|x86.Build.0 = Debug|Any CPU
		{2536F63C-8300-45CF-BA12-9D55A4335623}.Release|Any CPU.ActiveCfg = Release|Any CPU
		{2536F63C-8300-45CF-BA12-9D55A4335623}.Release|Any CPU.Build.0 = Release|Any CPU
		{2536F63C-8300-45CF-BA12-9D55A4335623}.Release|x64.ActiveCfg = Release|Any CPU
		{2536F63C-8300-45CF-BA12-9D55A4335623}.Release|x64.Build.0 = Release|Any CPU
		{2536F63C-8300-45CF-BA12-9D55A4335623}.Release|x86.ActiveCfg = Release|Any CPU
		{2536F63C-8300-45CF-BA12-9D55A4335623}.Release|x86.Build.0 = Release|Any CPU
	EndGlobalSection
	GlobalSection(SolutionProperties) = preSolution
		HideSolutionNode = FALSE
	EndGlobalSection
	GlobalSection(NestedProjects) = preSolution
		{841AD1C6-72C7-4AC1-B25B-548F8384440E} = {CA253913-39DE-BFD0-C9A3-4B7EC6FBDF17}
		{B28D175E-D9BA-4781-A02B-F5925EAC03D1} = {CA253913-39DE-BFD0-C9A3-4B7EC6FBDF17}
		{BDC36238-8795-47DD-8087-750C7636F3CB} = {CA253913-39DE-BFD0-C9A3-4B7EC6FBDF17}
		{4CD8D0D0-117A-426F-AFB5-B8DC5526804D} = {CA253913-39DE-BFD0-C9A3-4B7EC6FBDF17}
		{81E9C13F-7648-4EB6-9519-982B1D2D6CCE} = {CA253913-39DE-BFD0-C9A3-4B7EC6FBDF17}
		{498FFE13-8410-4B45-B9F1-C4B72E8F235F} = {CA253913-39DE-BFD0-C9A3-4B7EC6FBDF17}
		{372F405C-7262-4D3E-9558-73902CDB04AD} = {CA253913-39DE-BFD0-C9A3-4B7EC6FBDF17}
		{8E8E7B20-B798-41EC-97E6-8C926A784C29} = {CA253913-39DE-BFD0-C9A3-4B7EC6FBDF17}
		{65C55110-5F6A-4891-82A9-4BBEFDA59002} = {CA253913-39DE-BFD0-C9A3-4B7EC6FBDF17}
		{2536F63C-8300-45CF-BA12-9D55A4335623} = {CA253913-39DE-BFD0-C9A3-4B7EC6FBDF17}
	EndGlobalSection
EndGlobal
